
Microsoft Visual Studio Solution File, Format Version 12.00
# Visual Studio Version 17
VisualStudioVersion = 17.0.31903.59
MinimumVisualStudioVersion = 10.0.40219.1
Project("{2150E333-8FDC-42A3-9474-1A3956D46DE8}") = "src", "src", "{EB73B8F4-9C06-4590-B7C0-ACC6AB9DF218}"
EndProject
Project("{FAE04EC0-301F-11D3-BF4B-00C04F79EFBC}") = "Kurdixane.Web", "src\Kurdixane.Web\Kurdixane.Web.csproj", "{B440C065-7569-403D-8037-D044F8E46912}"
EndProject
Global
	GlobalSection(SolutionConfigurationPlatforms) = preSolution
		Debug|Any CPU = Debug|Any CPU
		Release|Any CPU = Release|Any CPU
	EndGlobalSection
	GlobalSection(SolutionProperties) = preSolution
		HideSolutionNode = FALSE
	EndGlobalSection
	GlobalSection(ProjectConfigurationPlatforms) = postSolution
		{B440C065-7569-403D-8037-D044F8E46912}.Debug|Any CPU.ActiveCfg = Debug|Any CPU
		{B440C065-7569-403D-8037-D044F8E46912}.Debug|Any CPU.Build.0 = Debug|Any CPU
		{B440C065-7569-403D-8037-D044F8E46912}.Release|Any CPU.ActiveCfg = Release|Any CPU
		{B440C065-7569-403D-8037-D044F8E46912}.Release|Any CPU.Build.0 = Release|Any CPU
	EndGlobalSection
	GlobalSection(NestedProjects) = preSolution
		{B440C065-7569-403D-8037-D044F8E46912} = {EB73B8F4-9C06-4590-B7C0-ACC6AB9DF218}
	EndGlobalSection
EndGlobal
